
Microsoft Visual Studio Solution File, Format Version 12.00
# Visual Studio Version 17
VisualStudioVersion = 17.2.32602.215
MinimumVisualStudioVersion = 10.0.40219.1
Project("{FAE04EC0-301F-11D3-BF4B-00C04F79EFBC}") = "asalSayilar", "asalSayilar\asalSayilar.csproj", "{4F87AA6B-2C15-4CAE-B654-567FF69E9CAA}"
EndProject
Global
	GlobalSection(SolutionConfigurationPlatforms) = preSolution
		Debug|Any CPU = Debug|Any CPU
		Release|Any CPU = Release|Any CPU
	EndGlobalSection
	GlobalSection(ProjectConfigurationPlatforms) = postSolution
		{4F87AA6B-2C15-4CAE-B654-567FF69E9CAA}.Debug|Any CPU.ActiveCfg = Debug|Any CPU
		{4F87AA6B-2C15-4CAE-B654-567FF69E9CAA}.Debug|Any CPU.Build.0 = Debug|Any CPU
		{4F87AA6B-2C15-4CAE-B654-567FF69E9CAA}.Release|Any CPU.ActiveCfg = Release|Any CPU
		{4F87AA6B-2C15-4CAE-B654-567FF69E9CAA}.Release|Any CPU.Build.0 = Release|Any CPU
	EndGlobalSection
	GlobalSection(SolutionProperties) = preSolution
		HideSolutionNode = FALSE
	EndGlobalSection
	GlobalSection(ExtensibilityGlobals) = postSolution
		SolutionGuid = {2E4323AD-4467-4320-A732-9F7CC999DB4D}
	EndGlobalSection
EndGlobal
